
Microsoft Visual Studio Solution File, Format Version 12.00
# Visual Studio 14
VisualStudioVersion = 14.0.25420.1
MinimumVisualStudioVersion = 10.0.40219.1
Project("{FAE04EC0-301F-11D3-BF4B-00C04F79EFBC}") = "Lesson01.BinaryGap", "Lesson01.BinaryGap\Lesson01.BinaryGap.csproj", "{13FB8485-0DF6-44CB-82D5-E98577F3322D}"
EndProject
Project("{FAE04EC0-301F-11D3-BF4B-00C04F79EFBC}") = "Lesson02.OddOcurrencesInArray", "Lesson02.OddOcurrencesInArray\Lesson02.OddOcurrencesInArray.csproj", "{51108BF1-62BE-446E-B491-74C52AF7BBEB}"
EndProject
Project("{FAE04EC0-301F-11D3-BF4B-00C04F79EFBC}") = "Lesson02.CyclicRotation", "Lesson02.CyclicRotation\Lesson02.CyclicRotation.csproj", "{34C4890B-CA93-4C95-93B2-A38E85B39E64}"
EndProject
Project("{FAE04EC0-301F-11D3-BF4B-00C04F79EFBC}") = "Lesson03.TapeEquilibrium", "Lesson03.TapeEquilibrium\Lesson03.TapeEquilibrium.csproj", "{256EA566-D5DA-4B6D-BCC4-38BDF17BEA5C}"
EndProject
Project("{FAE04EC0-301F-11D3-BF4B-00C04F79EFBC}") = "Lesson03.FrogJmp", "Lesson03.FrogJmp\Lesson03.FrogJmp.csproj", "{C884F3FF-052B-4775-8003-EDCCEF756FBC}"
EndProject
Project("{FAE04EC0-301F-11D3-BF4B-00C04F79EFBC}") = "Lesson03.PermMissingElem", "Lesson03.PermMissingElem\Lesson03.PermMissingElem.csproj", "{DD6B8C23-80EE-4FB6-9026-03641D0EF054}"
EndProject
Global
	GlobalSection(SolutionConfigurationPlatforms) = preSolution
		Debug|Any CPU = Debug|Any CPU
		Release|Any CPU = Release|Any CPU
	EndGlobalSection
	GlobalSection(ProjectConfigurationPlatforms) = postSolution
		{13FB8485-0DF6-44CB-82D5-E98577F3322D}.Debug|Any CPU.ActiveCfg = Debug|Any CPU
		{13FB8485-0DF6-44CB-82D5-E98577F3322D}.Debug|Any CPU.Build.0 = Debug|Any CPU
		{13FB8485-0DF6-44CB-82D5-E98577F3322D}.Release|Any CPU.ActiveCfg = Release|Any CPU
		{13FB8485-0DF6-44CB-82D5-E98577F3322D}.Release|Any CPU.Build.0 = Release|Any CPU
		{51108BF1-62BE-446E-B491-74C52AF7BBEB}.Debug|Any CPU.ActiveCfg = Debug|Any CPU
		{51108BF1-62BE-446E-B491-74C52AF7BBEB}.Debug|Any CPU.Build.0 = Debug|Any CPU
		{51108BF1-62BE-446E-B491-74C52AF7BBEB}.Release|Any CPU.ActiveCfg = Release|Any CPU
		{51108BF1-62BE-446E-B491-74C52AF7BBEB}.Release|Any CPU.Build.0 = Release|Any CPU
		{34C4890B-CA93-4C95-93B2-A38E85B39E64}.Debug|Any CPU.ActiveCfg = Debug|Any CPU
		{34C4890B-CA93-4C95-93B2-A38E85B39E64}.Debug|Any CPU.Build.0 = Debug|Any CPU
		{34C4890B-CA93-4C95-93B2-A38E85B39E64}.Release|Any CPU.ActiveCfg = Release|Any CPU
		{34C4890B-CA93-4C95-93B2-A38E85B39E64}.Release|Any CPU.Build.0 = Release|Any CPU
		{256EA566-D5DA-4B6D-BCC4-38BDF17BEA5C}.Debug|Any CPU.ActiveCfg = Debug|Any CPU
		{256EA566-D5DA-4B6D-BCC4-38BDF17BEA5C}.Debug|Any CPU.Build.0 = Debug|Any CPU
		{256EA566-D5DA-4B6D-BCC4-38BDF17BEA5C}.Release|Any CPU.ActiveCfg = Release|Any CPU
		{256EA566-D5DA-4B6D-BCC4-38BDF17BEA5C}.Release|Any CPU.Build.0 = Release|Any CPU
		{C884F3FF-052B-4775-8003-EDCCEF756FBC}.Debug|Any CPU.ActiveCfg = Debug|Any CPU
		{C884F3FF-052B-4775-8003-EDCCEF756FBC}.Debug|Any CPU.Build.0 = Debug|Any CPU
		{C884F3FF-052B-4775-8003-EDCCEF756FBC}.Release|Any CPU.ActiveCfg = Release|Any CPU
		{C884F3FF-052B-4775-8003-EDCCEF756FBC}.Release|Any CPU.Build.0 = Release|Any CPU
		{DD6B8C23-80EE-4FB6-9026-03641D0EF054}.Debug|Any CPU.ActiveCfg = Debug|Any CPU
		{DD6B8C23-80EE-4FB6-9026-03641D0EF054}.Debug|Any CPU.Build.0 = Debug|Any CPU
		{DD6B8C23-80EE-4FB6-9026-03641D0EF054}.Release|Any CPU.ActiveCfg = Release|Any CPU
		{DD6B8C23-80EE-4FB6-9026-03641D0EF054}.Release|Any CPU.Build.0 = Release|Any CPU
	EndGlobalSection
	GlobalSection(SolutionProperties) = preSolution
		HideSolutionNode = FALSE
	EndGlobalSection
EndGlobal
